// !$*UTF8*$!
{
	archiveVersion = 1;
	classes = {
	};
	objectVersion = 46;
	objects = {

/* Begin PBXBuildFile section */
		D91500E5197E9FF300E2B51B /* Foundation.framework in Frameworks */ = {isa = PBXBuildFile; fileRef = D91500E4197E9FF300E2B51B /* Foundation.framework */; };
		D91500E7197E9FF300E2B51B /* CoreGraphics.framework in Frameworks */ = {isa = PBXBuildFile; fileRef = D91500E6197E9FF300E2B51B /* CoreGraphics.framework */; };
		D91500E9197E9FF300E2B51B /* UIKit.framework in Frameworks */ = {isa = PBXBuildFile; fileRef = D91500E8197E9FF300E2B51B /* UIKit.framework */; };
		D91500EF197E9FF300E2B51B /* InfoPlist.strings in Resources */ = {isa = PBXBuildFile; fileRef = D91500ED197E9FF300E2B51B /* InfoPlist.strings */; };
		D91500F1197E9FF300E2B51B /* main.m in Sources */ = {isa = PBXBuildFile; fileRef = D91500F0197E9FF300E2B51B /* main.m */; };
		D91500F5197E9FF300E2B51B /* SecureAppDelegate.m in Sources */ = {isa = PBXBuildFile; fileRef = D91500F4197E9FF300E2B51B /* SecureAppDelegate.m */; };
		D91500F8197E9FF300E2B51B /* Main.storyboard in Resources */ = {isa = PBXBuildFile; fileRef = D91500F6197E9FF300E2B51B /* Main.storyboard */; };
		D91500FB197E9FF300E2B51B /* SecureViewController.m in Sources */ = {isa = PBXBuildFile; fileRef = D91500FA197E9FF300E2B51B /* SecureViewController.m */; };
		D91500FD197E9FF300E2B51B /* Images.xcassets in Resources */ = {isa = PBXBuildFile; fileRef = D91500FC197E9FF300E2B51B /* Images.xcassets */; };
		D9150104197E9FF300E2B51B /* XCTest.framework in Frameworks */ = {isa = PBXBuildFile; fileRef = D9150103197E9FF300E2B51B /* XCTest.framework */; };
		D9150105197E9FF300E2B51B /* Foundation.framework in Frameworks */ = {isa = PBXBuildFile; fileRef = D91500E4197E9FF300E2B51B /* Foundation.framework */; };
		D9150106197E9FF300E2B51B /* UIKit.framework in Frameworks */ = {isa = PBXBuildFile; fileRef = D91500E8197E9FF300E2B51B /* UIKit.framework */; };
		D915010E197E9FF300E2B51B /* InfoPlist.strings in Resources */ = {isa = PBXBuildFile; fileRef = D915010C197E9FF300E2B51B /* InfoPlist.strings */; };
		D9150110197E9FF300E2B51B /* SecureLogonTests.m in Sources */ = {isa = PBXBuildFile; fileRef = D915010F197E9FF300E2B51B /* SecureLogonTests.m */; };
		D915011A197EA04C00E2B51B /* 240px-Facebook_icon_2013.svg.png in Resources */ = {isa = PBXBuildFile; fileRef = D9150119197EA04C00E2B51B /* 240px-Facebook_icon_2013.svg.png */; };
		D915011C197EA06F00E2B51B /* twitter-icon.png in Resources */ = {isa = PBXBuildFile; fileRef = D915011B197EA06F00E2B51B /* twitter-icon.png */; };
		D915011E197EA09200E2B51B /* Forgot-Your-Password-Icon-Large-Two.png in Resources */ = {isa = PBXBuildFile; fileRef = D915011D197EA09200E2B51B /* Forgot-Your-Password-Icon-Large-Two.png */; };
		D9150120197EA3B000E2B51B /* 13762496-login-icon.jpg in Resources */ = {isa = PBXBuildFile; fileRef = D915011F197EA3B000E2B51B /* 13762496-login-icon.jpg */; };
/* End PBXBuildFile section */

/* Begin PBXContainerItemProxy section */
		D9150107197E9FF300E2B51B /* PBXContainerItemProxy */ = {
			isa = PBXContainerItemProxy;
			containerPortal = D91500D9197E9FF200E2B51B /* Project object */;
			proxyType = 1;
			remoteGlobalIDString = D91500E0197E9FF300E2B51B;
			remoteInfo = SecureLogon;
		};
/* End PBXContainerItemProxy section */

/* Begin PBXFileReference section */
		D91500E1197E9FF300E2B51B /* SecureLogon.app */ = {isa = PBXFileReference; explicitFileType = wrapper.application; includeInIndex = 0; path = SecureLogon.app; sourceTree = BUILT_PRODUCTS_DIR; };
		D91500E4197E9FF300E2B51B /* Foundation.framework */ = {isa = PBXFileReference; lastKnownFileType = wrapper.framework; name = Foundation.framework; path = System/Library/Frameworks/Foundation.framework; sourceTree = SDKROOT; };
		D91500E6197E9FF300E2B51B /* CoreGraphics.framework */ = {isa = PBXFileReference; lastKnownFileType = wrapper.framework; name = CoreGraphics.framework; path = System/Library/Frameworks/CoreGraphics.framework; sourceTree = SDKROOT; };
		D91500E8197E9FF300E2B51B /* UIKit.framework */ = {isa = PBXFileReference; lastKnownFileType = wrapper.framework; name = UIKit.framework; path = System/Library/Frameworks/UIKit.framework; sourceTree = SDKROOT; };
		D91500EC197E9FF300E2B51B /* SecureLogon-Info.plist */ = {isa = PBXFileReference; lastKnownFileType = text.plist.xml; path = "SecureLogon-Info.plist"; sourceTree = "<group>"; };
		D91500EE197E9FF300E2B51B /* en */ = {isa = PBXFileReference; lastKnownFileType = text.plist.strings; name = en; path = en.lproj/InfoPlist.strings; sourceTree = "<group>"; };
		D91500F0197E9FF300E2B51B /* main.m */ = {isa = PBXFileReference; lastKnownFileType = sourcecode.c.objc; path = main.m; sourceTree = "<group>"; };
		D91500F2197E9FF300E2B51B /* SecureLogon-Prefix.pch */ = {isa = PBXFileReference; lastKnownFileType = sourcecode.c.h; path = "SecureLogon-Prefix.pch"; sourceTree = "<group>"; };
		D91500F3197E9FF300E2B51B /* SecureAppDelegate.h */ = {isa = PBXFileReference; lastKnownFileType = sourcecode.c.h; path = SecureAppDelegate.h; sourceTree = "<group>"; };
		D91500F4197E9FF300E2B51B /* SecureAppDelegate.m */ = {isa = PBXFileReference; lastKnownFileType = sourcecode.c.objc; path = SecureAppDelegate.m; sourceTree = "<group>"; };
		D91500F7197E9FF300E2B51B /* Base */ = {isa = PBXFileReference; lastKnownFileType = file.storyboard; name = Base; path = Base.lproj/Main.storyboard; sourceTree = "<group>"; };
		D91500F9197E9FF300E2B51B /* SecureViewController.h */ = {isa = PBXFileReference; lastKnownFileType = sourcecode.c.h; path = SecureViewController.h; sourceTree = "<group>"; };
		D91500FA197E9FF300E2B51B /* SecureViewController.m */ = {isa = PBXFileReference; lastKnownFileType = sourcecode.c.objc; path = SecureViewController.m; sourceTree = "<group>"; };
		D91500FC197E9FF300E2B51B /* Images.xcassets */ = {isa = PBXFileReference; lastKnownFileType = folder.assetcatalog; path = Images.xcassets; sourceTree = "<group>"; };
		D9150102197E9FF300E2B51B /* SecureLogonTests.xctest */ = {isa = PBXFileReference; explicitFileType = wrapper.cfbundle; includeInIndex = 0; path = SecureLogonTests.xctest; sourceTree = BUILT_PRODUCTS_DIR; };
		D9150103197E9FF300E2B51B /* XCTest.framework */ = {isa = PBXFileReference; lastKnownFileType = wrapper.framework; name = XCTest.framework; path = Library/Frameworks/XCTest.framework; sourceTree = DEVELOPER_DIR; };
		D915010B197E9FF300E2B51B /* SecureLogonTests-Info.plist */ = {isa = PBXFileReference; lastKnownFileType = text.plist.xml; path = "SecureLogonTests-Info.plist"; sourceTree = "<group>"; };
		D915010D197E9FF300E2B51B /* en */ = {isa = PBXFileReference; lastKnownFileType = text.plist.strings; name = en; path = en.lproj/InfoPlist.strings; sourceTree = "<group>"; };
		D915010F197E9FF300E2B51B /* SecureLogonTests.m */ = {isa = PBXFileReference; lastKnownFileType = sourcecode.c.objc; path = SecureLogonTests.m; sourceTree = "<group>"; };
		D9150119197EA04C00E2B51B /* 240px-Facebook_icon_2013.svg.png */ = {isa = PBXFileReference; lastKnownFileType = image.png; path = "240px-Facebook_icon_2013.svg.png"; sourceTree = "<group>"; };
		D915011B197EA06F00E2B51B /* twitter-icon.png */ = {isa = PBXFileReference; lastKnownFileType = image.png; path = "twitter-icon.png"; sourceTree = "<group>"; };
		D915011D197EA09200E2B51B /* Forgot-Your-Password-Icon-Large-Two.png */ = {isa = PBXFileReference; lastKnownFileType = image.png; path = "Forgot-Your-Password-Icon-Large-Two.png"; sourceTree = "<group>"; };
		D915011F197EA3B000E2B51B /* 13762496-login-icon.jpg */ = {isa = PBXFileReference; lastKnownFileType = image.jpeg; path = "13762496-login-icon.jpg"; sourceTree = "<group>"; };
/* End PBXFileReference section */

/* Begin PBXFrameworksBuildPhase section */
		D91500DE197E9FF300E2B51B /* Frameworks */ = {
			isa = PBXFrameworksBuildPhase;
			buildActionMask = 2147483647;
			files = (
				D91500E7197E9FF300E2B51B /* CoreGraphics.framework in Frameworks */,
				D91500E9197E9FF300E2B51B /* UIKit.framework in Frameworks */,
				D91500E5197E9FF300E2B51B /* Foundation.framework in Frameworks */,
			);
			runOnlyForDeploymentPostprocessing = 0;
		};
		D91500FF197E9FF300E2B51B /* Frameworks */ = {
			isa = PBXFrameworksBuildPhase;
			buildActionMask = 2147483647;
			files = (
				D9150104197E9FF300E2B51B /* XCTest.framework in Frameworks */,
				D9150106197E9FF300E2B51B /* UIKit.framework in Frameworks */,
				D9150105197E9FF300E2B51B /* Foundation.framework in Frameworks */,
			);
			runOnlyForDeploymentPostprocessing = 0;
		};
/* End PBXFrameworksBuildPhase section */

/* Begin PBXGroup section */
		D91500D8197E9FF200E2B51B = {
			isa = PBXGroup;
			children = (
				D91500EA197E9FF300E2B51B /* SecureLogon */,
				D9150109197E9FF300E2B51B /* SecureLogonTests */,
				D91500E3197E9FF300E2B51B /* Frameworks */,
				D91500E2197E9FF300E2B51B /* Products */,
			);
			sourceTree = "<group>";
		};
		D91500E2197E9FF300E2B51B /* Products */ = {
			isa = PBXGroup;
			children = (
				D91500E1197E9FF300E2B51B /* SecureLogon.app */,
				D9150102197E9FF300E2B51B /* SecureLogonTests.xctest */,
			);
			name = Products;
			sourceTree = "<group>";
		};
		D91500E3197E9FF300E2B51B /* Frameworks */ = {
			isa = PBXGroup;
			children = (
				D91500E4197E9FF300E2B51B /* Foundation.framework */,
				D91500E6197E9FF300E2B51B /* CoreGraphics.framework */,
				D91500E8197E9FF300E2B51B /* UIKit.framework */,
				D9150103197E9FF300E2B51B /* XCTest.framework */,
			);
			name = Frameworks;
			sourceTree = "<group>";
		};
		D91500EA197E9FF300E2B51B /* SecureLogon */ = {
			isa = PBXGroup;
			children = (
				D91500F3197E9FF300E2B51B /* SecureAppDelegate.h */,
				D91500F4197E9FF300E2B51B /* SecureAppDelegate.m */,
				D91500F6197E9FF300E2B51B /* Main.storyboard */,
				D91500F9197E9FF300E2B51B /* SecureViewController.h */,
				D91500FA197E9FF300E2B51B /* SecureViewController.m */,
				D91500FC197E9FF300E2B51B /* Images.xcassets */,
				D91500EB197E9FF300E2B51B /* Supporting Files */,
			);
			path = SecureLogon;
			sourceTree = "<group>";
		};
		D91500EB197E9FF300E2B51B /* Supporting Files */ = {
			isa = PBXGroup;
			children = (
				D915011D197EA09200E2B51B /* Forgot-Your-Password-Icon-Large-Two.png */,
				D915011F197EA3B000E2B51B /* 13762496-login-icon.jpg */,
				D915011B197EA06F00E2B51B /* twitter-icon.png */,
				D9150119197EA04C00E2B51B /* 240px-Facebook_icon_2013.svg.png */,
				D91500EC197E9FF300E2B51B /* SecureLogon-Info.plist */,
				D91500ED197E9FF300E2B51B /* InfoPlist.strings */,
				D91500F0197E9FF300E2B51B /* main.m */,
				D91500F2197E9FF300E2B51B /* SecureLogon-Prefix.pch */,
			);
			name = "Supporting Files";
			sourceTree = "<group>";
		};
		D9150109197E9FF300E2B51B /* SecureLogonTests */ = {
			isa = PBXGroup;
			children = (
				D915010F197E9FF300E2B51B /* SecureLogonTests.m */,
				D915010A197E9FF300E2B51B /* Supporting Files */,
			);
			path = SecureLogonTests;
			sourceTree = "<group>";
		};
		D915010A197E9FF300E2B51B /* Supporting Files */ = {
			isa = PBXGroup;
			children = (
				D915010B197E9FF300E2B51B /* SecureLogonTests-Info.plist */,
				D915010C197E9FF300E2B51B /* InfoPlist.strings */,
			);
			name = "Supporting Files";
			sourceTree = "<group>";
		};
/* End PBXGroup section */

/* Begin PBXNativeTarget section */
		D91500E0197E9FF300E2B51B /* SecureLogon */ = {
			isa = PBXNativeTarget;
			buildConfigurationList = D9150113197E9FF300E2B51B /* Build configuration list for PBXNativeTarget "SecureLogon" */;
			buildPhases = (
				D91500DD197E9FF300E2B51B /* Sources */,
				D91500DE197E9FF300E2B51B /* Frameworks */,
				D91500DF197E9FF300E2B51B /* Resources */,
			);
			buildRules = (
			);
			dependencies = (
			);
			name = SecureLogon;
			productName = SecureLogon;
			productReference = D91500E1197E9FF300E2B51B /* SecureLogon.app */;
			productType = "com.apple.product-type.application";
		};
		D9150101197E9FF300E2B51B /* SecureLogonTests */ = {
			isa = PBXNativeTarget;
			buildConfigurationList = D9150116197E9FF300E2B51B /* Build configuration list for PBXNativeTarget "SecureLogonTests" */;
			buildPhases = (
				D91500FE197E9FF300E2B51B /* Sources */,
				D91500FF197E9FF300E2B51B /* Frameworks */,
				D9150100197E9FF300E2B51B /* Resources */,
			);
			buildRules = (
			);
			dependencies = (
				D9150108197E9FF300E2B51B /* PBXTargetDependency */,
			);
			name = SecureLogonTests;
			productName = SecureLogonTests;
			productReference = D9150102197E9FF300E2B51B /* SecureLogonTests.xctest */;
			productType = "com.apple.product-type.bundle.unit-test";
		};
/* End PBXNativeTarget section */

/* Begin PBXProject section */
		D91500D9197E9FF200E2B51B /* Project object */ = {
			isa = PBXProject;
			attributes = {
				CLASSPREFIX = Secure;
				LastUpgradeCheck = 0510;
				ORGANIZATIONNAME = "Wathik Almayali";
				TargetAttributes = {
					D9150101197E9FF300E2B51B = {
						TestTargetID = D91500E0197E9FF300E2B51B;
					};
				};
			};
			buildConfigurationList = D91500DC197E9FF200E2B51B /* Build configuration list for PBXProject "SecureLogon" */;
			compatibilityVersion = "Xcode 3.2";
			developmentRegion = English;
			hasScannedForEncodings = 0;
			knownRegions = (
				en,
				Base,
			);
			mainGroup = D91500D8197E9FF200E2B51B;
			productRefGroup = D91500E2197E9FF300E2B51B /* Products */;
			projectDirPath = "";
			projectRoot = "";
			targets = (
				D91500E0197E9FF300E2B51B /* SecureLogon */,
				D9150101197E9FF300E2B51B /* SecureLogonTests */,
			);
		};
/* End PBXProject section */

/* Begin PBXResourcesBuildPhase section */
		D91500DF197E9FF300E2B51B /* Resources */ = {
			isa = PBXResourcesBuildPhase;
			buildActionMask = 2147483647;
			files = (
				D91500FD197E9FF300E2B51B /* Images.xcassets in Resources */,
				D91500EF197E9FF300E2B51B /* InfoPlist.strings in Resources */,
				D9150120197EA3B000E2B51B /* 13762496-login-icon.jpg in Resources */,
				D915011A197EA04C00E2B51B /* 240px-Facebook_icon_2013.svg.png in Resources */,
				D915011C197EA06F00E2B51B /* twitter-icon.png in Resources */,
				D915011E197EA09200E2B51B /* Forgot-Your-Password-Icon-Large-Two.png in Resources */,
				D91500F8197E9FF300E2B51B /* Main.storyboard in Resources */,
			);
			runOnlyForDeploymentPostprocessing = 0;
		};
		D9150100197E9FF300E2B51B /* Resources */ = {
			isa = PBXResourcesBuildPhase;
			buildActionMask = 2147483647;
			files = (
				D915010E197E9FF300E2B51B /* InfoPlist.strings in Resources */,
			);
			runOnlyForDeploymentPostprocessing = 0;
		};
/* End PBXResourcesBuildPhase section */

/* Begin PBXSourcesBuildPhase section */
		D91500DD197E9FF300E2B51B /* Sources */ = {
			isa = PBXSourcesBuildPhase;
			buildActionMask = 2147483647;
			files = (
				D91500F1197E9FF300E2B51B /* main.m in Sources */,
				D91500FB197E9FF300E2B51B /* SecureViewController.m in Sources */,
				D91500F5197E9FF300E2B51B /* SecureAppDelegate.m in Sources */,
			);
			runOnlyForDeploymentPostprocessing = 0;
		};
		D91500FE197E9FF300E2B51B /* Sources */ = {
			isa = PBXSourcesBuildPhase;
			buildActionMask = 2147483647;
			files = (
				D9150110197E9FF300E2B51B /* SecureLogonTests.m in Sources */,
			);
			runOnlyForDeploymentPostprocessing = 0;
		};
/* End PBXSourcesBuildPhase section */

/* Begin PBXTargetDependency section */
		D9150108197E9FF300E2B51B /* PBXTargetDependency */ = {
			isa = PBXTargetDependency;
			target = D91500E0197E9FF300E2B51B /* SecureLogon */;
			targetProxy = D9150107197E9FF300E2B51B /* PBXContainerItemProxy */;
		};
/* End PBXTargetDependency section */

/* Begin PBXVariantGroup section */
		D91500ED197E9FF300E2B51B /* InfoPlist.strings */ = {
			isa = PBXVariantGroup;
			children = (
				D91500EE197E9FF300E2B51B /* en */,
			);
			name = InfoPlist.strings;
			sourceTree = "<group>";
		};
		D91500F6197E9FF300E2B51B /* Main.storyboard */ = {
			isa = PBXVariantGroup;
			children = (
				D91500F7197E9FF300E2B51B /* Base */,
			);
			name = Main.storyboard;
			sourceTree = "<group>";
		};
		D915010C197E9FF300E2B51B /* InfoPlist.strings */ = {
			isa = PBXVariantGroup;
			children = (
				D915010D197E9FF300E2B51B /* en */,
			);
			name = InfoPlist.strings;
			sourceTree = "<group>";
		};
/* End PBXVariantGroup section */

/* Begin XCBuildConfiguration section */
		D9150111197E9FF300E2B51B /* Debug */ = {
			isa = XCBuildConfiguration;
			buildSettings = {
				ALWAYS_SEARCH_USER_PATHS = NO;
				CLANG_CXX_LANGUAGE_STANDARD = "gnu++0x";
				CLANG_CXX_LIBRARY = "libc++";
				CLANG_ENABLE_MODULES = YES;
				CLANG_ENABLE_OBJC_ARC = YES;
				CLANG_WARN_BOOL_CONVERSION = YES;
				CLANG_WARN_CONSTANT_CONVERSION = YES;
				CLANG_WARN_DIRECT_OBJC_ISA_USAGE = YES_ERROR;
				CLANG_WARN_EMPTY_BODY = YES;
				CLANG_WARN_ENUM_CONVERSION = YES;
				CLANG_WARN_INT_CONVERSION = YES;
				CLANG_WARN_OBJC_ROOT_CLASS = YES_ERROR;
				CLANG_WARN__DUPLICATE_METHOD_MATCH = YES;
				"CODE_SIGN_IDENTITY[sdk=iphoneos*]" = "iPhone Developer";
				COPY_PHASE_STRIP = NO;
				GCC_C_LANGUAGE_STANDARD = gnu99;
				GCC_DYNAMIC_NO_PIC = NO;
				GCC_OPTIMIZATION_LEVEL = 0;
				GCC_PREPROCESSOR_DEFINITIONS = (
					"DEBUG=1",
					"$(inherited)",
				);
				GCC_SYMBOLS_PRIVATE_EXTERN = NO;
				GCC_WARN_64_TO_32_BIT_CONVERSION = YES;
				GCC_WARN_ABOUT_RETURN_TYPE = YES_ERROR;
				GCC_WARN_UNDECLARED_SELECTOR = YES;
				GCC_WARN_UNINITIALIZED_AUTOS = YES_AGGRESSIVE;
				GCC_WARN_UNUSED_FUNCTION = YES;
				GCC_WARN_UNUSED_VARIABLE = YES;
				IPHONEOS_DEPLOYMENT_TARGET = 7.1;
				ONLY_ACTIVE_ARCH = YES;
				SDKROOT = iphoneos;
			};
			name = Debug;
		};
		D9150112197E9FF300E2B51B /* Release */ = {
			isa = XCBuildConfiguration;
			buildSettings = {
				ALWAYS_SEARCH_USER_PATHS = NO;
				CLANG_CXX_LANGUAGE_STANDARD = "gnu++0x";
				CLANG_CXX_LIBRARY = "libc++";
				CLANG_ENABLE_MODULES = YES;
				CLANG_ENABLE_OBJC_ARC = YES;
				CLANG_WARN_BOOL_CONVERSION = YES;
				CLANG_WARN_CONSTANT_CONVERSION = YES;
				CLANG_WARN_DIRECT_OBJC_ISA_USAGE = YES_ERROR;
				CLANG_WARN_EMPTY_BODY = YES;
				CLANG_WARN_ENUM_CONVERSION = YES;
				CLANG_WARN_INT_CONVERSION = YES;
				CLANG_WARN_OBJC_ROOT_CLASS = YES_ERROR;
				CLANG_WARN__DUPLICATE_METHOD_MATCH = YES;
				"CODE_SIGN_IDENTITY[sdk=iphoneos*]" = "iPhone Developer";
				COPY_PHASE_STRIP = YES;
				ENABLE_NS_ASSERTIONS = NO;
				GCC_C_LANGUAGE_STANDARD = gnu99;
				GCC_WARN_64_TO_32_BIT_CONVERSION = YES;
				GCC_WARN_ABOUT_RETURN_TYPE = YES_ERROR;
				GCC_WARN_UNDECLARED_SELECTOR = YES;
				GCC_WARN_UNINITIALIZED_AUTOS = YES_AGGRESSIVE;
				GCC_WARN_UNUSED_FUNCTION = YES;
				GCC_WARN_UNUSED_VARIABLE = YES;
				IPHONEOS_DEPLOYMENT_TARGET = 7.1;
				SDKROOT = iphoneos;
				VALIDATE_PRODUCT = YES;
			};
			name = Release;
		};
		D9150114197E9FF300E2B51B /* Debug */ = {
			isa = XCBuildConfiguration;
			buildSettings = {
				ASSETCATALOG_COMPILER_APPICON_NAME = AppIcon;
				ASSETCATALOG_COMPILER_LAUNCHIMAGE_NAME = LaunchImage;
				GCC_PRECOMPILE_PREFIX_HEADER = YES;
				GCC_PREFIX_HEADER = "SecureLogon/SecureLogon-Prefix.pch";
				INFOPLIST_FILE = "SecureLogon/SecureLogon-Info.plist";
				PRODUCT_NAME = "$(TARGET_NAME)";
				WRAPPER_EXTENSION = app;
			};
			name = Debug;
		};
		D9150115197E9FF300E2B51B /* Release */ = {
			isa = XCBuildConfiguration;
			buildSettings = {
				ASSETCATALOG_COMPILER_APPICON_NAME = AppIcon;
				ASSETCATALOG_COMPILER_LAUNCHIMAGE_NAME = LaunchImage;
				GCC_PRECOMPILE_PREFIX_HEADER = YES;
				GCC_PREFIX_HEADER = "SecureLogon/SecureLogon-Prefix.pch";
				INFOPLIST_FILE = "SecureLogon/SecureLogon-Info.plist";
				PRODUCT_NAME = "$(TARGET_NAME)";
				WRAPPER_EXTENSION = app;
			};
			name = Release;
		};
		D9150117197E9FF300E2B51B /* Debug */ = {
			isa = XCBuildConfiguration;
			buildSettings = {
				BUNDLE_LOADER = "$(BUILT_PRODUCTS_DIR)/SecureLogon.app/SecureLogon";
				FRAMEWORK_SEARCH_PATHS = (
					"$(SDKROOT)/Developer/Library/Frameworks",
					"$(inherited)",
					"$(DEVELOPER_FRAMEWORKS_DIR)",
				);
				GCC_PRECOMPILE_PREFIX_HEADER = YES;
				GCC_PREFIX_HEADER = "SecureLogon/SecureLogon-Prefix.pch";
				GCC_PREPROCESSOR_DEFINITIONS = (
					"DEBUG=1",
					"$(inherited)",
				);
				INFOPLIST_FILE = "SecureLogonTests/SecureLogonTests-Info.plist";
				PRODUCT_NAME = "$(TARGET_NAME)";
				TEST_HOST = "$(BUNDLE_LOADER)";
				WRAPPER_EXTENSION = xctest;
			};
			name = Debug;
		};
		D9150118197E9FF300E2B51B /* Release */ = {
			isa = XCBuildConfiguration;
			buildSettings = {
				BUNDLE_LOADER = "$(BUILT_PRODUCTS_DIR)/SecureLogon.app/SecureLogon";
				FRAMEWORK_SEARCH_PATHS = (
					"$(SDKROOT)/Developer/Library/Frameworks",
					"$(inherited)",
					"$(DEVELOPER_FRAMEWORKS_DIR)",
				);
				GCC_PRECOMPILE_PREFIX_HEADER = YES;
				GCC_PREFIX_HEADER = "SecureLogon/SecureLogon-Prefix.pch";
				INFOPLIST_FILE = "SecureLogonTests/SecureLogonTests-Info.plist";
				PRODUCT_NAME = "$(TARGET_NAME)";
				TEST_HOST = "$(BUNDLE_LOADER)";
				WRAPPER_EXTENSION = xctest;
			};
			name = Release;
		};
/* End XCBuildConfiguration section */

/* Begin XCConfigurationList section */
		D91500DC197E9FF200E2B51B /* Build configuration list for PBXProject "SecureLogon" */ = {
			isa = XCConfigurationList;
			buildConfigurations = (
				D9150111197E9FF300E2B51B /* Debug */,
				D9150112197E9FF300E2B51B /* Release */,
			);
			defaultConfigurationIsVisible = 0;
			defaultConfigurationName = Release;
		};
		D9150113197E9FF300E2B51B /* Build configuration list for PBXNativeTarget "SecureLogon" */ = {
			isa = XCConfigurationList;
			buildConfigurations = (
				D9150114197E9FF300E2B51B /* Debug */,
				D9150115197E9FF300E2B51B /* Release */,
			);
			defaultConfigurationIsVisible = 0;
		};
		D9150116197E9FF300E2B51B /* Build configuration list for PBXNativeTarget "SecureLogonTests" */ = {
			isa = XCConfigurationList;
			buildConfigurations = (
				D9150117197E9FF300E2B51B /* Debug */,
				D9150118197E9FF300E2B51B /* Release */,
			);
			defaultConfigurationIsVisible = 0;
		};
/* End XCConfigurationList section */
	};
	rootObject = D91500D9197E9FF200E2B51B /* Project object */;
}
